# THIS IS AN AUTOGENERATED FILE. DO NOT EDIT THIS FILE DIRECTLY.
# yarn lockfile v1


"@nger/core@^1.9.20":
  version "1.9.20"
  resolved "https://registry.yarnpkg.com/@nger/core/-/core-1.9.20.tgz#89db647d018f668b6b5b619863d4a1c658f67ed6"
  integrity sha512-0Df0wt92yPD338d/Lj8lOjeoLW+ZEXJSaP2X9mjDR5inthUDENxbvoXvDmut1+Qz1OstJZSyI76rKvR/LzJ6Bw==
  dependencies:
    "@nger/di" "^1.5.53"
    rxjs "^6.5.3"

"@nger/decorator@^1.1.12":
  version "1.1.13"
  resolved "http://10.0.0.202:9008/@nger%2fdecorator/-/decorator-1.1.13.tgz#35d554dce87ee65ac8b4fc250019679b78fc7d67"
  integrity sha512-O7S2nsQzZeONl4cSSUPy70MuCRolyJnDqMRIXSuGDec2m827AHbY2dzKwws2IPnci1To5zn5eduPYrwPVYtahg==
  dependencies:
    reflect-metadata "^0.1.13"

"@nger/di@^1.5.53":
  version "1.5.53"
  resolved "https://registry.yarnpkg.com/@nger/di/-/di-1.5.53.tgz#e8ab89090371077445ac9563ebe16d1f4a7286b4"
  integrity sha512-CyjLTen9EyPMkJbq/0jxBL8mRGjiIkdivmfE4IJdwVnLjMC9pIwkTnBRzipLAmZGKZMiMFwkdtt720vSTUkSwg==
  dependencies:
    "@nger/decorator" "^1.1.12"

"@nger/server@^0.0.9":
  version "0.0.9"
  resolved "https://registry.yarnpkg.com/@nger/server/-/server-0.0.9.tgz#2214b85db18fb9e2802cc9e7124a3034d27fa33a"
  integrity sha512-+/22wrSOn4nPKrzoX4LKmzGfAXjSvNSLGbKUa9/A0jhdNQ6nROiRqRyk1xqZwXQx7bf0mV1vKaLOYyifSdCwlA==
  dependencies:
    "@nger/core" "^1.9.20"

"@types/node@*":
  version "13.1.0"
  resolved "http://10.0.0.202:9008/@types%2fnode/-/node-13.1.0.tgz#225cbaac5fdb2b9ac651b02c070d8aa3c37cc812"
  integrity sha1-Ily6rF/bK5rGUbAsBw2Ko8N8yBI=

"@types/ws@^6.0.4":
  version "6.0.4"
  resolved "http://10.0.0.202:9008/@types%2fws/-/ws-6.0.4.tgz#7797707c8acce8f76d8c34b370d4645b70421ff1"
  integrity sha1-d5dwfIrM6PdtjDSzcNRkW3BCH/E=
  dependencies:
    "@types/node" "*"

async-limiter@~1.0.0:
  version "1.0.1"
  resolved "https://registry.yarnpkg.com/async-limiter/-/async-limiter-1.0.1.tgz#dd379e94f0db8310b08291f9d64c3209766617fd"
  integrity sha512-csOlWGAcRFJaI6m+F2WKdnMKr4HhdhFVBk0H/QbJFMCr+uO2kwohwXQPxw/9OCxp05r5ghVBFSyioixx3gfkNQ==

backo2@^1.0.2:
  version "1.0.2"
  resolved "https://registry.yarnpkg.com/backo2/-/backo2-1.0.2.tgz#31ab1ac8b129363463e35b3ebb69f4dfcfba7947"
  integrity sha1-MasayLEpNjRj41s+u2n038+6eUc=

eventemitter3@^3.1.0:
  version "3.1.2"
  resolved "https://registry.yarnpkg.com/eventemitter3/-/eventemitter3-3.1.2.tgz#2d3d48f9c346698fce83a85d7d664e98535df6e7"
  integrity sha512-tvtQIeLVHjDkJYnzf2dgVMxfuSGJeM/7UCG17TT4EumTfNtF+0nebF/4zWOIkCreAbtNqhGEboB6BWrwqNaw4Q==

iterall@^1.2.1:
  version "1.2.2"
  resolved "https://registry.yarnpkg.com/iterall/-/iterall-1.2.2.tgz#92d70deb8028e0c39ff3164fdbf4d8b088130cd7"
  integrity sha512-yynBb1g+RFUPY64fTrFv7nsjRrENBQJaX2UL+2Szc9REFrSNm1rpSXHGzhmAy7a9uv3vlvgBlXnf9RqmPH1/DA==

reflect-metadata@^0.1.13:
  version "0.1.13"
  resolved "http://10.0.0.202:9008/reflect-metadata/-/reflect-metadata-0.1.13.tgz#67ae3ca57c972a2aa1642b10fe363fe32d49dc08"
  integrity sha1-Z648pXyXKiqhZCsQ/jY/4y1J3Ag=

rxjs@^6.5.3:
  version "6.5.3"
  resolved "http://10.0.0.202:9008/rxjs/-/rxjs-6.5.3.tgz#510e26317f4db91a7eb1de77d9dd9ba0a4899a3a"
  integrity sha1-UQ4mMX9NuRp+sd532d2boKSJmjo=
  dependencies:
    tslib "^1.9.0"

subscriptions-transport-ws@^0.9.16:
  version "0.9.16"
  resolved "https://registry.yarnpkg.com/subscriptions-transport-ws/-/subscriptions-transport-ws-0.9.16.tgz#90a422f0771d9c32069294c08608af2d47f596ec"
  integrity sha512-pQdoU7nC+EpStXnCfh/+ho0zE0Z+ma+i7xvj7bkXKb1dvYHSZxgRPaU6spRP+Bjzow67c/rRDoix5RT0uU9omw==
  dependencies:
    backo2 "^1.0.2"
    eventemitter3 "^3.1.0"
    iterall "^1.2.1"
    symbol-observable "^1.0.4"
    ws "^5.2.0"

symbol-observable@^1.0.4:
  version "1.2.0"
  resolved "https://registry.yarnpkg.com/symbol-observable/-/symbol-observable-1.2.0.tgz#c22688aed4eab3cdc2dfeacbb561660560a00804"
  integrity sha512-e900nM8RRtGhlV36KGEU9k65K3mPb1WV70OdjfxlG2EAuM1noi/E/BaW/uMhL7bPEssK8QV57vN3esixjUvcXQ==

tslib@^1.9.0:
  version "1.10.0"
  resolved "http://10.0.0.202:9008/tslib/-/tslib-1.10.0.tgz#c3c19f95973fb0a62973fb09d90d961ee43e5c8a"
  integrity sha1-w8GflZc/sKYpc/sJ2Q2WHuQ+XIo=

ws@^5.2.0:
  version "5.2.2"
  resolved "https://registry.yarnpkg.com/ws/-/ws-5.2.2.tgz#dffef14866b8e8dc9133582514d1befaf96e980f"
  integrity sha512-jaHFD6PFv6UgoIVda6qZllptQsMlDEJkTQcybzzXDYM1XO9Y8em691FGMPmM46WGyLU4z9KMgQN+qrux/nhlHA==
  dependencies:
    async-limiter "~1.0.0"

ws@^7.2.1:
  version "7.2.1"
  resolved "http://10.0.0.202:9008/ws/-/ws-7.2.1.tgz#03ed52423cd744084b2cf42ed197c8b65a936b8e"
  integrity sha1-A+1SQjzXRAhLLPQu0ZfItlqTa44=
