# THIS IS AN AUTOGENERATED FILE. DO NOT EDIT THIS FILE DIRECTLY.
# yarn lockfile v1


"@nger/core@^1.8.54", "@nger/core@^1.9.20":
  version "1.9.21"
  resolved "https://registry.yarnpkg.com/@nger/core/-/core-1.9.21.tgz#78d16dce53c133ba3ad993ad8f6136c4251270db"
  integrity sha512-xX28avaHEz5PUp9Oi7vsOGjHv+ycJGCX4QG+eqh96IfwvuS3Rg5FGwmr23LjCVvQ9D0f/Vr9aes7rxgWW7WktQ==
  dependencies:
    "@nger/di" "^1.5.53"
    rxjs "^6.5.3"

"@nger/decorator@^1.1.12":
  version "1.1.14"
  resolved "https://registry.yarnpkg.com/@nger/decorator/-/decorator-1.1.14.tgz#cfb69d7a46f61a7ff6012f25673eea1c61289410"
  integrity sha512-OESnd6Ra3NgqAV1P0Ge3ONq9c3oPpsHe3BZUk6ppz5rud1wPu2VOY/dwwGtec219F90wW86xDWLlpaAWgdS/pg==
  dependencies:
    reflect-metadata "^0.1.13"

"@nger/di@^1.5.53":
  version "1.5.53"
  resolved "https://registry.yarnpkg.com/@nger/di/-/di-1.5.53.tgz#e8ab89090371077445ac9563ebe16d1f4a7286b4"
  integrity sha512-CyjLTen9EyPMkJbq/0jxBL8mRGjiIkdivmfE4IJdwVnLjMC9pIwkTnBRzipLAmZGKZMiMFwkdtt720vSTUkSwg==
  dependencies:
    "@nger/decorator" "^1.1.12"

"@nger/rx-effects@^1.1.13":
  version "1.1.13"
  resolved "https://registry.yarnpkg.com/@nger/rx-effects/-/rx-effects-1.1.13.tgz#48dafa041f6e31b6eeb031c530f5dfcfe041534a"
  integrity sha512-D62BzEP0UHGO0RCYTMJkr8bW/BSIwTQe/wfrqWVcCXuek8WKtB1GPdkfCe04EddNTudcZQEASVTmIkwMfx++jg==
  dependencies:
    "@nger/rx-store" "^1.1.19"
    rxjs "^6.5.3"

"@nger/rx-store@^1.1.19":
  version "1.1.19"
  resolved "https://registry.yarnpkg.com/@nger/rx-store/-/rx-store-1.1.19.tgz#0152c558a00632c6cf43aef7868b4b95184354c3"
  integrity sha512-d7EflZ3NYwezU61zBmYAXeZuPPdtLLGCu6oFr/xOCp7m+21DUgDxG2q6yuAllgA1BuEPJuGVLCnPOjsDuQa05g==
  dependencies:
    "@nger/core" "^1.8.54"
    rxjs "^6.5.3"

"@nger/server@^0.0.12":
  version "0.0.12"
  resolved "https://registry.yarnpkg.com/@nger/server/-/server-0.0.12.tgz#221faf856d971d30af82b01522476b8924ef44be"
  integrity sha512-yoKCcVQThDU3Qmm6mFlU8XYHW2k3NO/cX9ZpH3VFIFn2+C8KZyZD0gON/PO5r5S8kRYvi91c78KWx6jIqlRN6w==
  dependencies:
    "@nger/core" "^1.9.20"
    "@nger/rx-effects" "^1.1.13"
    "@nger/rx-store" "^1.1.19"
    "@types/uuid" "^3.4.6"
    uuid "^3.3.3"

"@types/node@*":
  version "13.1.2"
  resolved "https://registry.yarnpkg.com/@types/node/-/node-13.1.2.tgz#fe94285bf5e0782e1a9e5a8c482b1c34465fa385"
  integrity sha512-B8emQA1qeKerqd1dmIsQYnXi+mmAzTB7flExjmy5X1aVAKFNNNDubkavwR13kR6JnpeLp3aLoJhwn9trWPAyFQ==

"@types/uuid@^3.4.6":
  version "3.4.6"
  resolved "https://registry.yarnpkg.com/@types/uuid/-/uuid-3.4.6.tgz#d2c4c48eb85a757bf2927f75f939942d521e3016"
  integrity sha512-cCdlC/1kGEZdEglzOieLDYBxHsvEOIg7kp/2FYyVR9Pxakq+Qf/inL3RKQ+PA8gOlI/NnL+fXmQH12nwcGzsHw==
  dependencies:
    "@types/node" "*"

"@types/ws@^6.0.4":
  version "6.0.4"
  resolved "https://registry.yarnpkg.com/@types/ws/-/ws-6.0.4.tgz#7797707c8acce8f76d8c34b370d4645b70421ff1"
  integrity sha512-PpPrX7SZW9re6+Ha8ojZG4Se8AZXgf0GK6zmfqEuCsY49LFDNXO3SByp44X3dFEqtB73lkCDAdUazhAjVPiNwg==
  dependencies:
    "@types/node" "*"

reflect-metadata@^0.1.13:
  version "0.1.13"
  resolved "https://registry.yarnpkg.com/reflect-metadata/-/reflect-metadata-0.1.13.tgz#67ae3ca57c972a2aa1642b10fe363fe32d49dc08"
  integrity sha512-Ts1Y/anZELhSsjMcU605fU9RE4Oi3p5ORujwbIKXfWa+0Zxs510Qrmrce5/Jowq3cHSZSJqBjypxmHarc+vEWg==

rxjs@^6.5.3:
  version "6.5.4"
  resolved "https://registry.yarnpkg.com/rxjs/-/rxjs-6.5.4.tgz#e0777fe0d184cec7872df147f303572d414e211c"
  integrity sha512-naMQXcgEo3csAEGvw/NydRA0fuS2nDZJiw1YUWFKU7aPPAPGZEsD4Iimit96qwCieH6y614MCLYwdkrWx7z/7Q==
  dependencies:
    tslib "^1.9.0"

tslib@^1.9.0:
  version "1.10.0"
  resolved "https://registry.yarnpkg.com/tslib/-/tslib-1.10.0.tgz#c3c19f95973fb0a62973fb09d90d961ee43e5c8a"
  integrity sha512-qOebF53frne81cf0S9B41ByenJ3/IuH8yJKngAX35CmiZySA0khhkovshKK+jGCaMnVomla7gVlIcc3EvKPbTQ==

uuid@^3.3.3:
  version "3.3.3"
  resolved "https://registry.yarnpkg.com/uuid/-/uuid-3.3.3.tgz#4568f0216e78760ee1dbf3a4d2cf53e224112866"
  integrity sha512-pW0No1RGHgzlpHJO1nsVrHKpOEIxkGg1xB+v0ZmdNH5OAeAwzAVrCnI2/6Mtx+Uys6iaylxa+D3g4j63IKKjSQ==

ws@^7.2.1:
  version "7.2.1"
  resolved "https://registry.yarnpkg.com/ws/-/ws-7.2.1.tgz#03ed52423cd744084b2cf42ed197c8b65a936b8e"
  integrity sha512-sucePNSafamSKoOqoNfBd8V0StlkzJKL2ZAhGQinCfNQ+oacw+Pk7lcdAElecBF2VkLNZRiIb5Oi1Q5lVUVt2A==
