# THIS IS AN AUTOGENERATED FILE. DO NOT EDIT THIS FILE DIRECTLY.
# yarn lockfile v1


"@nger/core@^1.8.58":
  version "1.8.58"
  resolved "http://10.0.0.202:9008/@nger%2fcore/-/core-1.8.58.tgz#1298c9bcf2cac0b6c2287e82c538d9b570944439"
  integrity sha512-CE6ByO0q4IrhwK7GnCo8+NgIc1j0NwQyBFxjDY2R6TTY6JnAJJFFtg5BeGnHeQ/8PIXjOSRMwCUVIWV6wMTZ7Q==
  dependencies:
    "@nger/di" "^1.5.28"
    rxjs "^6.5.3"

"@nger/decorator@^1.1.12":
  version "1.1.13"
  resolved "http://10.0.0.202:9008/@nger%2fdecorator/-/decorator-1.1.13.tgz#35d554dce87ee65ac8b4fc250019679b78fc7d67"
  integrity sha512-O7S2nsQzZeONl4cSSUPy70MuCRolyJnDqMRIXSuGDec2m827AHbY2dzKwws2IPnci1To5zn5eduPYrwPVYtahg==
  dependencies:
    reflect-metadata "^0.1.13"

"@nger/di@^1.5.28":
  version "1.5.31"
  resolved "http://10.0.0.202:9008/@nger%2fdi/-/di-1.5.31.tgz#a646168043c2e2dca6e3d862e352196779b2f27d"
  integrity sha512-M9/j81OToBOIW+GS/Ex0NQzt2EagPfZGXxZzBf7ZOSbosDk2z08FcelmHFJ3cffPIKyBClPSPN10Mb7Tz+As1A==
  dependencies:
    "@nger/decorator" "^1.1.12"

"@nger/server@^0.0.2":
  version "0.0.2"
  resolved "http://10.0.0.202:9008/@nger%2fserver/-/server-0.0.2.tgz#73e659619fbd63ea401bed48c703acc4f106b3a1"
  integrity sha512-Wd+Fsin4aicO8YP8lNSw08Itfg3k0eUn70kLmPGCnouYEFiyEVCQ0+K4Qr2NOHfn1v/UNiDXFi5KYdu8AAefFQ==
  dependencies:
    "@nger/core" "^1.8.58"

"@types/node@*":
  version "13.1.0"
  resolved "http://10.0.0.202:9008/@types%2fnode/-/node-13.1.0.tgz#225cbaac5fdb2b9ac651b02c070d8aa3c37cc812"
  integrity sha1-Ily6rF/bK5rGUbAsBw2Ko8N8yBI=

"@types/websocket@^1.0.0":
  version "1.0.0"
  resolved "http://10.0.0.202:9008/@types%2fwebsocket/-/websocket-1.0.0.tgz#828c794b0a50949ad061aa311af1009934197e4b"
  integrity sha1-gox5SwpQlJrQYaoxGvEAmTQZfks=
  dependencies:
    "@types/node" "*"

d@1, d@^1.0.1:
  version "1.0.1"
  resolved "http://10.0.0.202:9008/d/-/d-1.0.1.tgz#8698095372d58dbee346ffd0c7093f99f8f9eb5a"
  integrity sha1-hpgJU3LVjb7jRv/Qxwk/mfj561o=
  dependencies:
    es5-ext "^0.10.50"
    type "^1.0.1"

debug@^2.2.0:
  version "2.6.9"
  resolved "http://10.0.0.202:9008/debug/-/debug-2.6.9.tgz#5d128515df134ff327e90a4c93f4e077a536341f"
  integrity sha1-XRKFFd8TT/Mn6QpMk/Tgd6U2NB8=
  dependencies:
    ms "2.0.0"

es5-ext@^0.10.35, es5-ext@^0.10.50:
  version "0.10.53"
  resolved "http://10.0.0.202:9008/es5-ext/-/es5-ext-0.10.53.tgz#93c5a3acfdbef275220ad72644ad02ee18368de1"
  integrity sha1-k8WjrP2+8nUiCtcmRK0C7hg2jeE=
  dependencies:
    es6-iterator "~2.0.3"
    es6-symbol "~3.1.3"
    next-tick "~1.0.0"

es6-iterator@~2.0.3:
  version "2.0.3"
  resolved "http://10.0.0.202:9008/es6-iterator/-/es6-iterator-2.0.3.tgz#a7de889141a05a94b0854403b2d0a0fbfa98f3b7"
  integrity sha1-p96IkUGgWpSwhUQDstCg+/qY87c=
  dependencies:
    d "1"
    es5-ext "^0.10.35"
    es6-symbol "^3.1.1"

es6-symbol@^3.1.1, es6-symbol@~3.1.3:
  version "3.1.3"
  resolved "http://10.0.0.202:9008/es6-symbol/-/es6-symbol-3.1.3.tgz#bad5d3c1bcdac28269f4cb331e431c78ac705d18"
  integrity sha1-utXTwbzawoJp9MszHkMceKxwXRg=
  dependencies:
    d "^1.0.1"
    ext "^1.1.2"

ext@^1.1.2:
  version "1.4.0"
  resolved "http://10.0.0.202:9008/ext/-/ext-1.4.0.tgz#89ae7a07158f79d35517882904324077e4379244"
  integrity sha1-ia56BxWPedNVF4gpBDJAd+Q3kkQ=
  dependencies:
    type "^2.0.0"

is-typedarray@^1.0.0:
  version "1.0.0"
  resolved "http://10.0.0.202:9008/is-typedarray/-/is-typedarray-1.0.0.tgz#e479c80858df0c1b11ddda6940f96011fcda4a9a"
  integrity sha1-5HnICFjfDBsR3dppQPlgEfzaSpo=

ms@2.0.0:
  version "2.0.0"
  resolved "http://10.0.0.202:9008/ms/-/ms-2.0.0.tgz#5608aeadfc00be6c2901df5f9861788de0d597c8"
  integrity sha1-VgiurfwAvmwpAd9fmGF4jeDVl8g=

nan@^2.14.0:
  version "2.14.0"
  resolved "http://10.0.0.202:9008/nan/-/nan-2.14.0.tgz#7818f722027b2459a86f0295d434d1fc2336c52c"
  integrity sha1-eBj3IgJ7JFmobwKV1DTR/CM2xSw=

next-tick@~1.0.0:
  version "1.0.0"
  resolved "http://10.0.0.202:9008/next-tick/-/next-tick-1.0.0.tgz#ca86d1fe8828169b0120208e3dc8424b9db8342c"
  integrity sha1-yobR/ogoFpsBICCOPchCS524NCw=

reflect-metadata@^0.1.13:
  version "0.1.13"
  resolved "http://10.0.0.202:9008/reflect-metadata/-/reflect-metadata-0.1.13.tgz#67ae3ca57c972a2aa1642b10fe363fe32d49dc08"
  integrity sha1-Z648pXyXKiqhZCsQ/jY/4y1J3Ag=

rxjs@^6.5.3:
  version "6.5.3"
  resolved "http://10.0.0.202:9008/rxjs/-/rxjs-6.5.3.tgz#510e26317f4db91a7eb1de77d9dd9ba0a4899a3a"
  integrity sha1-UQ4mMX9NuRp+sd532d2boKSJmjo=
  dependencies:
    tslib "^1.9.0"

tslib@^1.9.0:
  version "1.10.0"
  resolved "http://10.0.0.202:9008/tslib/-/tslib-1.10.0.tgz#c3c19f95973fb0a62973fb09d90d961ee43e5c8a"
  integrity sha1-w8GflZc/sKYpc/sJ2Q2WHuQ+XIo=

type@^1.0.1:
  version "1.2.0"
  resolved "http://10.0.0.202:9008/type/-/type-1.2.0.tgz#848dd7698dafa3e54a6c479e759c4bc3f18847a0"
  integrity sha1-hI3XaY2vo+VKbEeedZxLw/GIR6A=

type@^2.0.0:
  version "2.0.0"
  resolved "http://10.0.0.202:9008/type/-/type-2.0.0.tgz#5f16ff6ef2eb44f260494dae271033b29c09a9c3"
  integrity sha1-Xxb/bvLrRPJgSU2uJxAzspwJqcM=

typedarray-to-buffer@^3.1.5:
  version "3.1.5"
  resolved "http://10.0.0.202:9008/typedarray-to-buffer/-/typedarray-to-buffer-3.1.5.tgz#a97ee7a9ff42691b9f783ff1bc5112fe3fca9080"
  integrity sha1-qX7nqf9CaRufeD/xvFES/j/KkIA=
  dependencies:
    is-typedarray "^1.0.0"

websocket@^1.0.31:
  version "1.0.31"
  resolved "http://10.0.0.202:9008/websocket/-/websocket-1.0.31.tgz#e5d0f16c3340ed87670e489ecae6144c79358730"
  integrity sha1-5dDxbDNA7YdnDkieyuYUTHk1hzA=
  dependencies:
    debug "^2.2.0"
    es5-ext "^0.10.50"
    nan "^2.14.0"
    typedarray-to-buffer "^3.1.5"
    yaeti "^0.0.6"

yaeti@^0.0.6:
  version "0.0.6"
  resolved "http://10.0.0.202:9008/yaeti/-/yaeti-0.0.6.tgz#f26f484d72684cf42bedfb76970aa1608fbf9577"
  integrity sha1-8m9ITXJoTPQr7ft2lwqhYI+/lXc=
