# THIS IS AN AUTOGENERATED FILE. DO NOT EDIT THIS FILE DIRECTLY.
# yarn lockfile v1


"@nger/core@^1.8.58":
  version "1.8.58"
  resolved "http://10.0.0.202:9008/@nger%2fcore/-/core-1.8.58.tgz#1298c9bcf2cac0b6c2287e82c538d9b570944439"
  integrity sha512-CE6ByO0q4IrhwK7GnCo8+NgIc1j0NwQyBFxjDY2R6TTY6JnAJJFFtg5BeGnHeQ/8PIXjOSRMwCUVIWV6wMTZ7Q==
  dependencies:
    "@nger/di" "^1.5.28"
    rxjs "^6.5.3"

"@nger/decorator@^1.1.12":
  version "1.1.13"
  resolved "http://10.0.0.202:9008/@nger%2fdecorator/-/decorator-1.1.13.tgz#35d554dce87ee65ac8b4fc250019679b78fc7d67"
  integrity sha512-O7S2nsQzZeONl4cSSUPy70MuCRolyJnDqMRIXSuGDec2m827AHbY2dzKwws2IPnci1To5zn5eduPYrwPVYtahg==
  dependencies:
    reflect-metadata "^0.1.13"

"@nger/di@^1.5.28":
  version "1.5.31"
  resolved "http://10.0.0.202:9008/@nger%2fdi/-/di-1.5.31.tgz#a646168043c2e2dca6e3d862e352196779b2f27d"
  integrity sha512-M9/j81OToBOIW+GS/Ex0NQzt2EagPfZGXxZzBf7ZOSbosDk2z08FcelmHFJ3cffPIKyBClPSPN10Mb7Tz+As1A==
  dependencies:
    "@nger/decorator" "^1.1.12"

reflect-metadata@^0.1.13:
  version "0.1.13"
  resolved "http://10.0.0.202:9008/reflect-metadata/-/reflect-metadata-0.1.13.tgz#67ae3ca57c972a2aa1642b10fe363fe32d49dc08"
  integrity sha1-Z648pXyXKiqhZCsQ/jY/4y1J3Ag=

rxjs@^6.5.3:
  version "6.5.3"
  resolved "http://10.0.0.202:9008/rxjs/-/rxjs-6.5.3.tgz#510e26317f4db91a7eb1de77d9dd9ba0a4899a3a"
  integrity sha1-UQ4mMX9NuRp+sd532d2boKSJmjo=
  dependencies:
    tslib "^1.9.0"

tslib@^1.9.0:
  version "1.10.0"
  resolved "http://10.0.0.202:9008/tslib/-/tslib-1.10.0.tgz#c3c19f95973fb0a62973fb09d90d961ee43e5c8a"
  integrity sha1-w8GflZc/sKYpc/sJ2Q2WHuQ+XIo=
